version = 1
revision = 3
requires-python = ">=3.11"

[[package]]
name = "click"
version = "8.3.1"
source = { registry = "https://pypi.org/simple" }
dependencies = [
    { name = "colorama", marker = "sys_platform == 'win32'" },
]
sdist = { url = "https://files.pythonhosted.org/packages/3d/fa/656b739db8587d7b5dfa22e22ed02566950fbfbcdc20311993483657a5c0/click-8.3.1.tar.gz", hash = "sha256:12ff4785d337a1bb490bb7e9c2b1ee5da3112e94a8622f26a6c77f5d2fc6842a", size = 295065, upload-time = "2025-11-15T20:45:42.706Z" }
wheels = [
    { url = "https://files.pythonhosted.org/packages/98/78/01c019cdb5d6498122777c1a43056ebb3ebfeef2076d9d026bfe15583b2b/click-8.3.1-py3-none-any.whl", hash = "sha256:981153a64e25f12d547d3426c367a4857371575ee7ad18df2a6183ab0545b2a6", size = 108274, upload-time = "2025-11-15T20:45:41.139Z" },
]

[[package]]
name = "colorama"
version = "0.4.6"
source = { registry = "https://pypi.org/simple" }
sdist = { url = "https://files.pythonhosted.org/packages/d8/53/6f443c9a4a8358a93a6792e2acffb9d9d5cb0a5cfd8802644b7b1c9a02e4/colorama-0.4.6.tar.gz", hash = "sha256:08695f5cb7ed6e0531a20572697297273c47b8cae5a63ffc6d6ed5c201be6e44", size = 27697, upload-time = "2022-10-25T02:36:22.414Z" }
wheels = [
    { url = "https://files.pythonhosted.org/packages/d1/d6/3965ed04c63042e047cb6a3e6ed1a63a35087b6a609aa3a15ed8ac56c221/colorama-0.4.6-py2.py3-none-any.whl", hash = "sha256:4f1d9991f5acc0ca119f9d443620b77f9d6b33703e51011c16baf57afb285fc6", size = 25335, upload-time = "2022-10-25T02:36:20.889Z" },
]

[[package]]
name = "pyqt6"
version = "6.4.2"
source = { registry = "https://pypi.org/simple" }
dependencies = [
    { name = "pyqt6-qt6" },
    { name = "pyqt6-sip" },
]
sdist = { url = "https://files.pythonhosted.org/packages/c3/e0/e1b592a6253712721612e2e64a323930a724e1f5cf297ed5ec6d6c86dda1/PyQt6-6.4.2.tar.gz", hash = "sha256:740244f608fe15ee1d89695c43f31a14caeca41c4f02ac36c86dfba4a5d5813d", size = 1025595, upload-time = "2023-02-06T11:24:05.031Z" }
wheels = [
    { url = "https://files.pythonhosted.org/packages/f4/ff/b9334375470a288ad7a56e14ece9d533a512259a13705b58b5fa20596c78/PyQt6-6.4.2-cp37-abi3-macosx_10_14_universal2.whl", hash = "sha256:c128bc0f17833e324593e3db83e99470d451a197dd17ff0333927b946c935bd9", size = 11627119, upload-time = "2023-02-06T11:23:41.59Z" },
    { url = "https://files.pythonhosted.org/packages/f8/34/cadd90fc335f09a08d9f586748a50ffdfba40eba07197c0d695361f65116/PyQt6-6.4.2-cp37-abi3-manylinux_2_28_x86_64.whl", hash = "sha256:18d1daf98d9236d55102cdadafd1056f5802f3c9288fcf7238569937b71a89f0", size = 7979668, upload-time = "2023-02-06T11:23:53.179Z" },
    { url = "https://files.pythonhosted.org/packages/7a/4e/4acc0ebe1f3231217bee58ec0f90ef6bdfbd6e0b7d08420c5ddb97780288/PyQt6-6.4.2-cp37-abi3-win_amd64.whl", hash = "sha256:25bd399b4a95dce65d5f937c1aa85d3c7e14a21745ae2a4ca14c0116cd104290", size = 6400443, upload-time = "2023-02-06T11:24:02.214Z" },
]

[[package]]
name = "pyqt6-plugins"
version = "6.4.2.2.3"
source = { registry = "https://pypi.org/simple" }
dependencies = [
    { name = "click" },
    { name = "pyqt6" },
    { name = "pyqt6-qt6" },
    { name = "qt6-tools" },
]
wheels = [
    { url = "https://files.pythonhosted.org/packages/d7/80/67527901b369a74f3d8d515b56aefd8605b4210760c872d3ca720129f44e/pyqt6_plugins-6.4.2.2.3-cp311-cp311-macosx_10_14_universal2.whl", hash = "sha256:680c483d03442902fff13e519ca890d2dded4fe14d9ad9b088b5c8ce7040ec9b", size = 66022, upload-time = "2023-03-27T18:37:46.448Z" },
    { url = "https://files.pythonhosted.org/packages/60/13/25ea8ef9bb9a2180e25091ef823ae677d422b36b1413c153e53007cf7b0e/pyqt6_plugins-6.4.2.2.3-cp311-cp311-manylinux2014_x86_64.whl", hash = "sha256:0e7fc73da2272d401b60eab16b17ba123ebc58b98fdd05de12fd79bc35544c8f", size = 79386, upload-time = "2023-03-27T18:37:24.706Z" },
    { url = "https://files.pythonhosted.org/packages/ea/9e/153a339bf3c6eb699fabf7ef703e8f165275b255fc4bd7a2583a2a0ecdf8/pyqt6_plugins-6.4.2.2.3-cp311-cp311-win_amd64.whl", hash = "sha256:bca16efe5c26b1cddbfd2b66c5464f8a1ec7d7226fd95a63d32326707b0bb665", size = 72635, upload-time = "2023-03-27T18:37:19.976Z" },
]

[[package]]
name = "pyqt6-qt6"
version = "6.4.3"
source = { registry = "https://pypi.org/simple" }
wheels = [
    { url = "https://files.pythonhosted.org/packages/f6/b9/4a23503c4f8ca8b683a1339cd1187896b2d5f3552495cd08a7d30357db0b/PyQt6_Qt6-6.4.3-py3-none-macosx_10_14_x86_64.whl", hash = "sha256:b133bbc53e1cc05aafd78bfd3a577826481a976021d041c1c57d7dadc7de1c11", size = 49532802, upload-time = "2023-03-20T12:23:11.889Z" },
    { url = "https://files.pythonhosted.org/packages/55/ce/348236a9a6207329a34c61d7bda6a071ab775987ebaa25afd4a11c9a6fbd/PyQt6_Qt6-6.4.3-py3-none-macosx_11_0_arm64.whl", hash = "sha256:27cc19976c872ae7111fcab8a9e9eae8c5ec5e55bfb6938a379551148b85f5b0", size = 45558180, upload-time = "2023-03-20T12:23:51.056Z" },
    { url = "https://files.pythonhosted.org/packages/0b/e8/31763e75a00e7a910b28db323c918b41b90ffd48b63301f6eac61d349a6b/PyQt6_Qt6-6.4.3-py3-none-manylinux_2_28_x86_64.whl", hash = "sha256:96f30cca49af18f6863c66576b90f2f29987dc35397994d0575b197226c5b328", size = 64324627, upload-time = "2023-03-20T12:24:48.46Z" },
    { url = "https://files.pythonhosted.org/packages/11/cf/9102346c5ea4cc2796d1eb2214593e5b65a500b2abaad258cadfe8cb3dca/PyQt6_Qt6-6.4.3-py3-none-win_amd64.whl", hash = "sha256:b0151097aa93235676c0f83ce23916ee31ca8584bd1b45923725068404542cc2", size = 57464697, upload-time = "2023-03-20T12:25:44.284Z" },
]

[[package]]
name = "pyqt6-sip"
version = "13.11.1"
source = { registry = "https://pypi.org/simple" }
sdist = { url = "https://files.pythonhosted.org/packages/90/24/a753e1af94b9ae5b2da63d4598457308da3cdbf0838c959381db086ccc86/pyqt6_sip-13.11.1.tar.gz", hash = "sha256:869c5b48afe38e55b1ee0dd72182b0886e968cc509b98023ff50010b013ce1be", size = 92574, upload-time = "2026-03-09T13:01:35.418Z" }
wheels = [
    { url = "https://files.pythonhosted.org/packages/46/fa/049879f61888462099dcbab495ad16df770cca2432330cca0767ab8e87cb/pyqt6_sip-13.11.1-cp311-cp311-macosx_10_9_universal2.whl", hash = "sha256:c0ec2128c174db352bec1c8d23a437e970e8d5a78ac50315d8dfc671fcf7a7da", size = 111056, upload-time = "2026-03-09T13:01:07.998Z" },
    { url = "https://files.pythonhosted.org/packages/d5/0d/6ee861c53f3f7e6c5dd34a441d17aad1dfb3d50ce1f1a024cc9194ac3db3/pyqt6_sip-13.11.1-cp311-cp311-manylinux1_x86_64.manylinux_2_5_x86_64.whl", hash = "sha256:6aa6c15ad3a9bb86e69119baff77b4ac17c47e55ee567abff616a4652051a6cc", size = 289930, upload-time = "2026-03-09T13:01:11.122Z" },
    { url = "https://files.pythonhosted.org/packages/ca/39/c975733d7204a594e6ae51d3a810aad539d09718aa3ceeb0dd28cb3276bd/pyqt6_sip-13.11.1-cp311-cp311-manylinux_2_17_aarch64.manylinux2014_aarch64.whl", hash = "sha256:0ee652b272373c4f9287625ef32ad4ec1f0755c24928dc958a870b7a928b288c", size = 315827, upload-time = "2026-03-09T13:01:09.48Z" },
    { url = "https://files.pythonhosted.org/packages/4a/d6/c40e8ae38a6e2bce9e837b64688f55746bfdad1aa557eb733fb5e90edd7c/pyqt6_sip-13.11.1-cp311-cp311-win_amd64.whl", hash = "sha256:98db8ed37cf08130e1ee74b8ff47a6bfb8c3cdfe826310597a630a50e47feedc", size = 54029, upload-time = "2026-03-09T13:01:12.261Z" },
    { url = "https://files.pythonhosted.org/packages/fb/63/ec8c21ef9edffb55af42c637325d72eca4ea90a73ab714aaa1429c757e85/pyqt6_sip-13.11.1-cp311-cp311-win_arm64.whl", hash = "sha256:3af7a49dce4c35c5464309232c81cc1da5ec6074f46d2957831ee4031b8eefa6", size = 48458, upload-time = "2026-03-09T13:01:13.689Z" },
    { url = "https://files.pythonhosted.org/packages/46/27/47598e701d284497216bf97bf8b6a69f5e61412e716c232ff2b7e6cb2100/pyqt6_sip-13.11.1-cp312-cp312-macosx_10_9_universal2.whl", hash = "sha256:ba9d362dd1e54b43bc2594f8841e1e39d24789716d28f08e5c9282af9fca342c", size = 112564, upload-time = "2026-03-09T13:01:14.628Z" },
    { url = "https://files.pythonhosted.org/packages/95/cb/116f9b328636765f3bce97d9e10ec041c54bbe92beb0617edb86c2b615c1/pyqt6_sip-13.11.1-cp312-cp312-manylinux1_x86_64.manylinux_2_5_x86_64.whl", hash = "sha256:0df15849946cea969d3ff2b24b76149262b6044aea2c5403e4f70c24c973a4c8", size = 299564, upload-time = "2026-03-09T13:01:17.292Z" },
    { url = "https://files.pythonhosted.org/packages/1b/be/fe2321285e8f683e705d199dbb458131f1850dc5966155a19c40100c85bb/pyqt6_sip-13.11.1-cp312-cp312-manylinux_2_17_aarch64.manylinux2014_aarch64.whl", hash = "sha256:c52b2b27fc77d9447a8dc1c6de1aaccc22d41e48697aafb2f2f20b8984bb02a5", size = 321210, upload-time = "2026-03-09T13:01:15.904Z" },
    { url = "https://files.pythonhosted.org/packages/ec/9b/7d4b10f9cba1b6f581dfb4860b9d11898da55a5ed3b8a6e7a1bf9f7084d0/pyqt6_sip-13.11.1-cp312-cp312-win_amd64.whl", hash = "sha256:1d1c67179c1924b28e3d7f04585639e7a7c0946f62390efc6ccf2a6206e595d3", size = 53351, upload-time = "2026-03-09T13:01:19.327Z" },
    { url = "https://files.pythonhosted.org/packages/06/72/6c4e6f21cafa4bed40d2b0c1563525b0d8bfcb5734493696f4cfd043b45f/pyqt6_sip-13.11.1-cp312-cp312-win_arm64.whl", hash = "sha256:d83543125fe9fdb153e7e446c3b4d056d80ab5953644660633ab3f80e7784194", size = 48746, upload-time = "2026-03-09T13:01:20.248Z" },
    { url = "https://files.pythonhosted.org/packages/ee/0b/dc76c463c203e630b2c6417d4d5e337e919a265ac1c10127ef413551f5de/pyqt6_sip-13.11.1-cp313-cp313-macosx_10_13_universal2.whl", hash = "sha256:0c6d097aae7df312519e2b36e001bd796f6a2ce060ab8b9ed793daa8f407fe2e", size = 112552, upload-time = "2026-03-09T13:01:21.493Z" },
    { url = "https://files.pythonhosted.org/packages/d4/e3/65b605759859d38231ce7544065d4c61f891eb7766c351318e2a0b08a473/pyqt6_sip-13.11.1-cp313-cp313-manylinux1_x86_64.manylinux_2_5_x86_64.whl", hash = "sha256:a72f4ebdab16a8a484019ff593de90d8013d3286b678c6ba1c0bdb117f4fcb13", size = 299932, upload-time = "2026-03-09T13:01:24.912Z" },
    { url = "https://files.pythonhosted.org/packages/60/f7/c10d2dd5bf503a1de83bd163467bd323f12af016866c2814743b5b1efe1c/pyqt6_sip-13.11.1-cp313-cp313-manylinux_2_17_aarch64.manylinux2014_aarch64.whl", hash = "sha256:b68e442efc4275651bf63f2c43713e242924fd948909e31cf8f20d783ca505e9", size = 321497, upload-time = "2026-03-09T13:01:22.724Z" },
    { url = "https://files.pythonhosted.org/packages/e1/1f/e7e5ad77a76c00db5c8c1b9960f2b0672ec1978b971bb3509858cd7a9458/pyqt6_sip-13.11.1-cp313-cp313-win_amd64.whl", hash = "sha256:ca24bfd4d5d8274e338433df9ac41930650088c00018d3313c6bd8de21772a02", size = 53371, upload-time = "2026-03-09T13:01:26.286Z" },
    { url = "https://files.pythonhosted.org/packages/36/ef/a7acaf44980aed6fe26f1320e265db528fecb6a47ac67829c7cd011e9821/pyqt6_sip-13.11.1-cp313-cp313-win_arm64.whl", hash = "sha256:f532144c43f2fddcccf2e25df50cdb4a744edb4ce4ba5ed2d0f2cef825197f2f", size = 48745, upload-time = "2026-03-09T13:01:27.212Z" },
    { url = "https://files.pythonhosted.org/packages/20/1d/62c633faedef5bb3b8c7486a72e8a6466adaa2a14efcfccf85bb23426748/pyqt6_sip-13.11.1-cp314-cp314-macosx_10_15_universal2.whl", hash = "sha256:cb931c1af45294bbe8039c5cfda184e3023f5dc766fc884964010eedd8fd85db", size = 112678, upload-time = "2026-03-09T13:01:28.15Z" },
    { url = "https://files.pythonhosted.org/packages/03/72/5a3d9ffef0caa7e1bc7a35d6300f6099bfccd1d8a485b4320ba20013a2d9/pyqt6_sip-13.11.1-cp314-cp314-manylinux1_x86_64.manylinux_2_5_x86_64.whl", hash = "sha256:353d613129316e9f7eda6bbe821deb7b7ffa14483499189171fd8a246873f9ac", size = 299560, upload-time = "2026-03-09T13:01:32.134Z" },
    { url = "https://files.pythonhosted.org/packages/98/f4/886f901f1e04da717a11e180ba19a9c7fc62da170966d57206006f173bda/pyqt6_sip-13.11.1-cp314-cp314-manylinux_2_17_aarch64.manylinux2014_aarch64.whl", hash = "sha256:fcadd68e09ee24cdda8f8bfcba52e59c9b297055d2c450f0eb89afa61a8dc31a", size = 321846, upload-time = "2026-03-09T13:01:29.817Z" },
    { url = "https://files.pythonhosted.org/packages/96/f2/b68fd566f7f86dbb53d933489e70487cabaea0e0161690e4899653bbc7fb/pyqt6_sip-13.11.1-cp314-cp314-win_amd64.whl", hash = "sha256:581e287bf42587593b88b30d9db06ed0fccbf40f345a5bd3ec3f00a5692e2430", size = 55055, upload-time = "2026-03-09T13:01:33.467Z" },
    { url = "https://files.pythonhosted.org/packages/8d/42/efb7ced69f7d1d31eb8f19b2d778aeb182be7e070569d02b9057ac478e3e/pyqt6_sip-13.11.1-cp314-cp314-win_arm64.whl", hash = "sha256:42b62530a9b6a9c6e29c2941b8ab78258652da0aeae4eb1fc9a0631d19a7a7b2", size = 49597, upload-time = "2026-03-09T13:01:34.49Z" },
]

[[package]]
name = "pyqt6-tools"
version = "6.4.2.3.3"
source = { registry = "https://pypi.org/simple" }
dependencies = [
    { name = "click" },
    { name = "pyqt6" },
    { name = "pyqt6-plugins" },
    { name = "python-dotenv" },
]
wheels = [
    { url = "https://files.pythonhosted.org/packages/82/bc/dcea094a26697ba76ae73dec030dd4070836b1e7e810d304d4917518423b/pyqt6_tools-6.4.2.3.3-py3-none-any.whl", hash = "sha256:dfeea682e64fb757f447328742402682eaba9784faf25ceedbd6e38e3d8871b7", size = 29149, upload-time = "2023-03-27T19:27:00.228Z" },
]

[[package]]
name = "python-dotenv"
version = "1.2.2"
source = { registry = "https://pypi.org/simple" }
sdist = { url = "https://files.pythonhosted.org/packages/82/ed/0301aeeac3e5353ef3d94b6ec08bbcabd04a72018415dcb29e588514bba8/python_dotenv-1.2.2.tar.gz", hash = "sha256:2c371a91fbd7ba082c2c1dc1f8bf89ca22564a087c2c287cd9b662adde799cf3", size = 50135, upload-time = "2026-03-01T16:00:26.196Z" }
wheels = [
    { url = "https://files.pythonhosted.org/packages/0b/d7/1959b9648791274998a9c3526f6d0ec8fd2233e4d4acce81bbae76b44b2a/python_dotenv-1.2.2-py3-none-any.whl", hash = "sha256:1d8214789a24de455a8b8bd8ae6fe3c6b69a5e3d64aa8a8e5d68e694bbcb285a", size = 22101, upload-time = "2026-03-01T16:00:25.09Z" },
]

[[package]]
name = "qt6-applications"
version = "6.4.3.2.3"
source = { registry = "https://pypi.org/simple" }
wheels = [
    { url = "https://files.pythonhosted.org/packages/14/25/dc817dad6aa15fdee6003cfbe9a96427804a451df76ca4aa65690e925f89/qt6_applications-6.4.3.2.3-py3-none-macosx_10_14_universal2.whl", hash = "sha256:aa4d1562ab154e32809045a08b7c2cd6fe86f061bbbe179eaba3580397168005", size = 173616096, upload-time = "2023-03-27T14:18:01.931Z" },
    { url = "https://files.pythonhosted.org/packages/f1/6f/2da42badc2a300fbc3fb6fae74dbfc9bbff0d865fa1174b7a54936b196d4/qt6_applications-6.4.3.2.3-py3-none-manylinux_2_17_x86_64.whl", hash = "sha256:f9c47faf46a71cf1b61b6ffd1908783454c99742fbfd59c49d523f29f035467e", size = 88486985, upload-time = "2023-03-27T14:18:42.61Z" },
    { url = "https://files.pythonhosted.org/packages/c9/39/eb4d4c22b7785cd31713a8354ca97eb2ffe95f1a8809ea06e21d762d0bc7/qt6_applications-6.4.3.2.3-py3-none-win_amd64.whl", hash = "sha256:029a24611a45fa77a403476ce1a54f3046ef4bde5cfaa5ee6477dc17f8053be2", size = 71294120, upload-time = "2023-03-27T14:18:10.738Z" },
]

[[package]]
name = "qt6-tools"
version = "6.4.3.1.3"
source = { registry = "https://pypi.org/simple" }
dependencies = [
    { name = "click" },
    { name = "qt6-applications" },
]
wheels = [
    { url = "https://files.pythonhosted.org/packages/18/5f/58fd48246779de82bd15a9cb1bface620fb7b6009ee5a5544f1a5ca39cdb/qt6_tools-6.4.3.1.3-py3-none-any.whl", hash = "sha256:dd01cdf830ec8a14f353b7f6d0b81eb4d7472b86f9fa8e872c8ed9c3465726e3", size = 13622, upload-time = "2023-03-27T15:03:23.324Z" },
]

[[package]]
name = "sneker-shop"
version = "0.1.0"
source = { virtual = "." }
dependencies = [
    { name = "pyqt6-tools" },
]

[package.metadata]
requires-dist = [{ name = "pyqt6-tools", specifier = ">=6.4.2.3.3" }]
